{
  "lockfileVersion": 1,
  "workspaces": {
    "": {
      "name": "solana-starter",
      "dependencies": {
        "@elysiajs/cors": "^1.1.0",
        "@solana-program/compute-budget": "^0.8.0",
        "@solana-program/system": "^0.7.0",
        "@solana-program/token": "^0.5.1",
        "@solana/kit": "^2.3.0",
        "@solana/rpc": "^2.3.0",
        "@solana/rpc-types": "^2.3.0",
        "bignumber.js": "^9.3.1",
        "elysia": "latest",
      },
      "devDependencies": {
        "bun-types": "latest",
      },
    },
  },
  "packages": {
    "@borewit/text-codec": ["@borewit/text-codec@0.1.1", "", {}, "sha512-5L/uBxmjaCIX5h8Z+uu+kA9BQLkc/Wl06UGR5ajNRxu+/XjonB5i8JpgFMrPj3LXTCPA0pv8yxUvbUi+QthGGA=="],

    "@elysiajs/cors": ["@elysiajs/cors@1.3.3", "", { "peerDependencies": { "elysia": ">= 1.3.0" } }, "sha512-mYIU6PyMM6xIJuj7d27Vt0/wuzVKIEnFPjcvlkyd7t/m9xspAG37cwNjFxVOnyvY43oOd2I/oW2DB85utXpA2Q=="],

    "@sinclair/typebox": ["@sinclair/typebox@0.34.40", "", {}, "sha512-gwBNIP8ZAYev/ORDWW0QvxdwPXwxBtLsdsJgSc7eDIRt8ubP+rxUBzPsrwnu16fgEF8Bx4lh/+mvQvJzcTM6Kw=="],

    "@solana-program/compute-budget": ["@solana-program/compute-budget@0.8.0", "", { "peerDependencies": { "@solana/kit": "^2.1.0" } }, "sha512-qPKxdxaEsFxebZ4K5RPuy7VQIm/tfJLa1+Nlt3KNA8EYQkz9Xm8htdoEaXVrer9kpgzzp9R3I3Bh6omwCM06tQ=="],

    "@solana-program/system": ["@solana-program/system@0.7.0", "", { "peerDependencies": { "@solana/kit": "^2.1.0" } }, "sha512-FKTBsKHpvHHNc1ATRm7SlC5nF/VdJtOSjldhcyfMN9R7xo712Mo2jHIzvBgn8zQO5Kg0DcWuKB7268Kv1ocicw=="],

    "@solana-program/token": ["@solana-program/token@0.5.1", "", { "peerDependencies": { "@solana/kit": "^2.1.0" } }, "sha512-bJvynW5q9SFuVOZ5vqGVkmaPGA0MCC+m9jgJj1nk5m20I389/ms69ASnhWGoOPNcie7S9OwBX0gTj2fiyWpfag=="],

    "@solana/accounts": ["@solana/accounts@2.3.0", "", { "dependencies": { "@solana/addresses": "2.3.0", "@solana/codecs-core": "2.3.0", "@solana/codecs-strings": "2.3.0", "@solana/errors": "2.3.0", "@solana/rpc-spec": "2.3.0", "@solana/rpc-types": "2.3.0" }, "peerDependencies": { "typescript": ">=5.3.3" } }, "sha512-QgQTj404Z6PXNOyzaOpSzjgMOuGwG8vC66jSDB+3zHaRcEPRVRd2sVSrd1U6sHtnV3aiaS6YyDuPQMheg4K2jw=="],

    "@solana/addresses": ["@solana/addresses@2.3.0", "", { "dependencies": { "@solana/assertions": "2.3.0", "@solana/codecs-core": "2.3.0", "@solana/codecs-strings": "2.3.0", "@solana/errors": "2.3.0", "@solana/nominal-types": "2.3.0" }, "peerDependencies": { "typescript": ">=5.3.3" } }, "sha512-ypTNkY2ZaRFpHLnHAgaW8a83N0/WoqdFvCqf4CQmnMdFsZSdC7qOwcbd7YzdaQn9dy+P2hybewzB+KP7LutxGA=="],

    "@solana/assertions": ["@solana/assertions@2.3.0", "", { "dependencies": { "@solana/errors": "2.3.0" }, "peerDependencies": { "typescript": ">=5.3.3" } }, "sha512-Ekoet3khNg3XFLN7MIz8W31wPQISpKUGDGTylLptI+JjCDWx3PIa88xjEMqFo02WJ8sBj2NLV64Xg1sBcsHjZQ=="],

    "@solana/codecs": ["@solana/codecs@2.3.0", "", { "dependencies": { "@solana/codecs-core": "2.3.0", "@solana/codecs-data-structures": "2.3.0", "@solana/codecs-numbers": "2.3.0", "@solana/codecs-strings": "2.3.0", "@solana/options": "2.3.0" }, "peerDependencies": { "typescript": ">=5.3.3" } }, "sha512-JVqGPkzoeyU262hJGdH64kNLH0M+Oew2CIPOa/9tR3++q2pEd4jU2Rxdfye9sd0Ce3XJrR5AIa8ZfbyQXzjh+g=="],

    "@solana/codecs-core": ["@solana/codecs-core@2.3.0", "", { "dependencies": { "@solana/errors": "2.3.0" }, "peerDependencies": { "typescript": ">=5.3.3" } }, "sha512-oG+VZzN6YhBHIoSKgS5ESM9VIGzhWjEHEGNPSibiDTxFhsFWxNaz8LbMDPjBUE69r9wmdGLkrQ+wVPbnJcZPvw=="],

    "@solana/codecs-data-structures": ["@solana/codecs-data-structures@2.3.0", "", { "dependencies": { "@solana/codecs-core": "2.3.0", "@solana/codecs-numbers": "2.3.0", "@solana/errors": "2.3.0" }, "peerDependencies": { "typescript": ">=5.3.3" } }, "sha512-qvU5LE5DqEdYMYgELRHv+HMOx73sSoV1ZZkwIrclwUmwTbTaH8QAJURBj0RhQ/zCne7VuLLOZFFGv6jGigWhSw=="],

    "@solana/codecs-numbers": ["@solana/codecs-numbers@2.3.0", "", { "dependencies": { "@solana/codecs-core": "2.3.0", "@solana/errors": "2.3.0" }, "peerDependencies": { "typescript": ">=5.3.3" } }, "sha512-jFvvwKJKffvG7Iz9dmN51OGB7JBcy2CJ6Xf3NqD/VP90xak66m/Lg48T01u5IQ/hc15mChVHiBm+HHuOFDUrQg=="],

    "@solana/codecs-strings": ["@solana/codecs-strings@2.3.0", "", { "dependencies": { "@solana/codecs-core": "2.3.0", "@solana/codecs-numbers": "2.3.0", "@solana/errors": "2.3.0" }, "peerDependencies": { "fastestsmallesttextencoderdecoder": "^1.0.22", "typescript": ">=5.3.3" } }, "sha512-y5pSBYwzVziXu521hh+VxqUtp0hYGTl1eWGoc1W+8mdvBdC1kTqm/X7aYQw33J42hw03JjryvYOvmGgk3Qz/Ug=="],

    "@solana/errors": ["@solana/errors@2.3.0", "", { "dependencies": { "chalk": "^5.4.1", "commander": "^14.0.0" }, "peerDependencies": { "typescript": ">=5.3.3" }, "bin": { "errors": "bin/cli.mjs" } }, "sha512-66RI9MAbwYV0UtP7kGcTBVLxJgUxoZGm8Fbc0ah+lGiAw17Gugco6+9GrJCV83VyF2mDWyYnYM9qdI3yjgpnaQ=="],

    "@solana/fast-stable-stringify": ["@solana/fast-stable-stringify@2.3.0", "", { "peerDependencies": { "typescript": ">=5.3.3" } }, "sha512-KfJPrMEieUg6D3hfQACoPy0ukrAV8Kio883llt/8chPEG3FVTX9z/Zuf4O01a15xZmBbmQ7toil2Dp0sxMJSxw=="],

    "@solana/functional": ["@solana/functional@2.3.0", "", { "peerDependencies": { "typescript": ">=5.3.3" } }, "sha512-AgsPh3W3tE+nK3eEw/W9qiSfTGwLYEvl0rWaxHht/lRcuDVwfKRzeSa5G79eioWFFqr+pTtoCr3D3OLkwKz02Q=="],

    "@solana/instructions": ["@solana/instructions@2.3.0", "", { "dependencies": { "@solana/codecs-core": "2.3.0", "@solana/errors": "2.3.0" }, "peerDependencies": { "typescript": ">=5.3.3" } }, "sha512-PLMsmaIKu7hEAzyElrk2T7JJx4D+9eRwebhFZpy2PXziNSmFF929eRHKUsKqBFM3cYR1Yy3m6roBZfA+bGE/oQ=="],

    "@solana/keys": ["@solana/keys@2.3.0", "", { "dependencies": { "@solana/assertions": "2.3.0", "@solana/codecs-core": "2.3.0", "@solana/codecs-strings": "2.3.0", "@solana/errors": "2.3.0", "@solana/nominal-types": "2.3.0" }, "peerDependencies": { "typescript": ">=5.3.3" } }, "sha512-ZVVdga79pNH+2pVcm6fr2sWz9HTwfopDVhYb0Lh3dh+WBmJjwkabXEIHey2rUES7NjFa/G7sV8lrUn/v8LDCCQ=="],

    "@solana/kit": ["@solana/kit@2.3.0", "", { "dependencies": { "@solana/accounts": "2.3.0", "@solana/addresses": "2.3.0", "@solana/codecs": "2.3.0", "@solana/errors": "2.3.0", "@solana/functional": "2.3.0", "@solana/instructions": "2.3.0", "@solana/keys": "2.3.0", "@solana/programs": "2.3.0", "@solana/rpc": "2.3.0", "@solana/rpc-parsed-types": "2.3.0", "@solana/rpc-spec-types": "2.3.0", "@solana/rpc-subscriptions": "2.3.0", "@solana/rpc-types": "2.3.0", "@solana/signers": "2.3.0", "@solana/sysvars": "2.3.0", "@solana/transaction-confirmation": "2.3.0", "@solana/transaction-messages": "2.3.0", "@solana/transactions": "2.3.0" }, "peerDependencies": { "typescript": ">=5.3.3" } }, "sha512-sb6PgwoW2LjE5oTFu4lhlS/cGt/NB3YrShEyx7JgWFWysfgLdJnhwWThgwy/4HjNsmtMrQGWVls0yVBHcMvlMQ=="],

    "@solana/nominal-types": ["@solana/nominal-types@2.3.0", "", { "peerDependencies": { "typescript": ">=5.3.3" } }, "sha512-uKlMnlP4PWW5UTXlhKM8lcgIaNj8dvd8xO4Y9l+FVvh9RvW2TO0GwUO6JCo7JBzCB0PSqRJdWWaQ8pu1Ti/OkA=="],

    "@solana/options": ["@solana/options@2.3.0", "", { "dependencies": { "@solana/codecs-core": "2.3.0", "@solana/codecs-data-structures": "2.3.0", "@solana/codecs-numbers": "2.3.0", "@solana/codecs-strings": "2.3.0", "@solana/errors": "2.3.0" }, "peerDependencies": { "typescript": ">=5.3.3" } }, "sha512-PPnnZBRCWWoZQ11exPxf//DRzN2C6AoFsDI/u2AsQfYih434/7Kp4XLpfOMT/XESi+gdBMFNNfbES5zg3wAIkw=="],

    "@solana/programs": ["@solana/programs@2.3.0", "", { "dependencies": { "@solana/addresses": "2.3.0", "@solana/errors": "2.3.0" }, "peerDependencies": { "typescript": ">=5.3.3" } }, "sha512-UXKujV71VCI5uPs+cFdwxybtHZAIZyQkqDiDnmK+DawtOO9mBn4Nimdb/6RjR2CXT78mzO9ZCZ3qfyX+ydcB7w=="],

    "@solana/promises": ["@solana/promises@2.3.0", "", { "peerDependencies": { "typescript": ">=5.3.3" } }, "sha512-GjVgutZKXVuojd9rWy1PuLnfcRfqsaCm7InCiZc8bqmJpoghlyluweNc7ml9Y5yQn1P2IOyzh9+p/77vIyNybQ=="],

    "@solana/rpc": ["@solana/rpc@2.3.0", "", { "dependencies": { "@solana/errors": "2.3.0", "@solana/fast-stable-stringify": "2.3.0", "@solana/functional": "2.3.0", "@solana/rpc-api": "2.3.0", "@solana/rpc-spec": "2.3.0", "@solana/rpc-spec-types": "2.3.0", "@solana/rpc-transformers": "2.3.0", "@solana/rpc-transport-http": "2.3.0", "@solana/rpc-types": "2.3.0" }, "peerDependencies": { "typescript": ">=5.3.3" } }, "sha512-ZWN76iNQAOCpYC7yKfb3UNLIMZf603JckLKOOLTHuy9MZnTN8XV6uwvDFhf42XvhglgUjGCEnbUqWtxQ9pa/pQ=="],

    "@solana/rpc-api": ["@solana/rpc-api@2.3.0", "", { "dependencies": { "@solana/addresses": "2.3.0", "@solana/codecs-core": "2.3.0", "@solana/codecs-strings": "2.3.0", "@solana/errors": "2.3.0", "@solana/keys": "2.3.0", "@solana/rpc-parsed-types": "2.3.0", "@solana/rpc-spec": "2.3.0", "@solana/rpc-transformers": "2.3.0", "@solana/rpc-types": "2.3.0", "@solana/transaction-messages": "2.3.0", "@solana/transactions": "2.3.0" }, "peerDependencies": { "typescript": ">=5.3.3" } }, "sha512-UUdiRfWoyYhJL9PPvFeJr4aJ554ob2jXcpn4vKmRVn9ire0sCbpQKYx6K8eEKHZWXKrDW8IDspgTl0gT/aJWVg=="],

    "@solana/rpc-parsed-types": ["@solana/rpc-parsed-types@2.3.0", "", { "peerDependencies": { "typescript": ">=5.3.3" } }, "sha512-B5pHzyEIbBJf9KHej+zdr5ZNAdSvu7WLU2lOUPh81KHdHQs6dEb310LGxcpCc7HVE8IEdO20AbckewDiAN6OCg=="],

    "@solana/rpc-spec": ["@solana/rpc-spec@2.3.0", "", { "dependencies": { "@solana/errors": "2.3.0", "@solana/rpc-spec-types": "2.3.0" }, "peerDependencies": { "typescript": ">=5.3.3" } }, "sha512-fA2LMX4BMixCrNB2n6T83AvjZ3oUQTu7qyPLyt8gHQaoEAXs8k6GZmu6iYcr+FboQCjUmRPgMaABbcr9j2J9Sw=="],

    "@solana/rpc-spec-types": ["@solana/rpc-spec-types@2.3.0", "", { "peerDependencies": { "typescript": ">=5.3.3" } }, "sha512-xQsb65lahjr8Wc9dMtP7xa0ZmDS8dOE2ncYjlvfyw/h4mpdXTUdrSMi6RtFwX33/rGuztQ7Hwaid5xLNSLvsFQ=="],

    "@solana/rpc-subscriptions": ["@solana/rpc-subscriptions@2.3.0", "", { "dependencies": { "@solana/errors": "2.3.0", "@solana/fast-stable-stringify": "2.3.0", "@solana/functional": "2.3.0", "@solana/promises": "2.3.0", "@solana/rpc-spec-types": "2.3.0", "@solana/rpc-subscriptions-api": "2.3.0", "@solana/rpc-subscriptions-channel-websocket": "2.3.0", "@solana/rpc-subscriptions-spec": "2.3.0", "@solana/rpc-transformers": "2.3.0", "@solana/rpc-types": "2.3.0", "@solana/subscribable": "2.3.0" }, "peerDependencies": { "typescript": ">=5.3.3" } }, "sha512-Uyr10nZKGVzvCOqwCZgwYrzuoDyUdwtgQRefh13pXIrdo4wYjVmoLykH49Omt6abwStB0a4UL5gX9V4mFdDJZg=="],

    "@solana/rpc-subscriptions-api": ["@solana/rpc-subscriptions-api@2.3.0", "", { "dependencies": { "@solana/addresses": "2.3.0", "@solana/keys": "2.3.0", "@solana/rpc-subscriptions-spec": "2.3.0", "@solana/rpc-transformers": "2.3.0", "@solana/rpc-types": "2.3.0", "@solana/transaction-messages": "2.3.0", "@solana/transactions": "2.3.0" }, "peerDependencies": { "typescript": ">=5.3.3" } }, "sha512-9mCjVbum2Hg9KGX3LKsrI5Xs0KX390lS+Z8qB80bxhar6MJPugqIPH8uRgLhCW9GN3JprAfjRNl7our8CPvsPQ=="],

    "@solana/rpc-subscriptions-channel-websocket": ["@solana/rpc-subscriptions-channel-websocket@2.3.0", "", { "dependencies": { "@solana/errors": "2.3.0", "@solana/functional": "2.3.0", "@solana/rpc-subscriptions-spec": "2.3.0", "@solana/subscribable": "2.3.0" }, "peerDependencies": { "typescript": ">=5.3.3", "ws": "^8.18.0" } }, "sha512-2oL6ceFwejIgeWzbNiUHI2tZZnaOxNTSerszcin7wYQwijxtpVgUHiuItM/Y70DQmH9sKhmikQp+dqeGalaJxw=="],

    "@solana/rpc-subscriptions-spec": ["@solana/rpc-subscriptions-spec@2.3.0", "", { "dependencies": { "@solana/errors": "2.3.0", "@solana/promises": "2.3.0", "@solana/rpc-spec-types": "2.3.0", "@solana/subscribable": "2.3.0" }, "peerDependencies": { "typescript": ">=5.3.3" } }, "sha512-rdmVcl4PvNKQeA2l8DorIeALCgJEMSu7U8AXJS1PICeb2lQuMeaR+6cs/iowjvIB0lMVjYN2sFf6Q3dJPu6wWg=="],

    "@solana/rpc-transformers": ["@solana/rpc-transformers@2.3.0", "", { "dependencies": { "@solana/errors": "2.3.0", "@solana/functional": "2.3.0", "@solana/nominal-types": "2.3.0", "@solana/rpc-spec-types": "2.3.0", "@solana/rpc-types": "2.3.0" }, "peerDependencies": { "typescript": ">=5.3.3" } }, "sha512-UuHYK3XEpo9nMXdjyGKkPCOr7WsZsxs7zLYDO1A5ELH3P3JoehvrDegYRAGzBS2VKsfApZ86ZpJToP0K3PhmMA=="],

    "@solana/rpc-transport-http": ["@solana/rpc-transport-http@2.3.0", "", { "dependencies": { "@solana/errors": "2.3.0", "@solana/rpc-spec": "2.3.0", "@solana/rpc-spec-types": "2.3.0", "undici-types": "^7.11.0" }, "peerDependencies": { "typescript": ">=5.3.3" } }, "sha512-HFKydmxGw8nAF5N+S0NLnPBDCe5oMDtI2RAmW8DMqP4U3Zxt2XWhvV1SNkAldT5tF0U1vP+is6fHxyhk4xqEvg=="],

    "@solana/rpc-types": ["@solana/rpc-types@2.3.0", "", { "dependencies": { "@solana/addresses": "2.3.0", "@solana/codecs-core": "2.3.0", "@solana/codecs-numbers": "2.3.0", "@solana/codecs-strings": "2.3.0", "@solana/errors": "2.3.0", "@solana/nominal-types": "2.3.0" }, "peerDependencies": { "typescript": ">=5.3.3" } }, "sha512-O09YX2hED2QUyGxrMOxQ9GzH1LlEwwZWu69QbL4oYmIf6P5dzEEHcqRY6L1LsDVqc/dzAdEs/E1FaPrcIaIIPw=="],

    "@solana/signers": ["@solana/signers@2.3.0", "", { "dependencies": { "@solana/addresses": "2.3.0", "@solana/codecs-core": "2.3.0", "@solana/errors": "2.3.0", "@solana/instructions": "2.3.0", "@solana/keys": "2.3.0", "@solana/nominal-types": "2.3.0", "@solana/transaction-messages": "2.3.0", "@solana/transactions": "2.3.0" }, "peerDependencies": { "typescript": ">=5.3.3" } }, "sha512-OSv6fGr/MFRx6J+ZChQMRqKNPGGmdjkqarKkRzkwmv7v8quWsIRnJT5EV8tBy3LI4DLO/A8vKiNSPzvm1TdaiQ=="],

    "@solana/subscribable": ["@solana/subscribable@2.3.0", "", { "dependencies": { "@solana/errors": "2.3.0" }, "peerDependencies": { "typescript": ">=5.3.3" } }, "sha512-DkgohEDbMkdTWiKAoatY02Njr56WXx9e/dKKfmne8/Ad6/2llUIrax78nCdlvZW9quXMaXPTxZvdQqo9N669Og=="],

    "@solana/sysvars": ["@solana/sysvars@2.3.0", "", { "dependencies": { "@solana/accounts": "2.3.0", "@solana/codecs": "2.3.0", "@solana/errors": "2.3.0", "@solana/rpc-types": "2.3.0" }, "peerDependencies": { "typescript": ">=5.3.3" } }, "sha512-LvjADZrpZ+CnhlHqfI5cmsRzX9Rpyb1Ox2dMHnbsRNzeKAMhu9w4ZBIaeTdO322zsTr509G1B+k2ABD3whvUBA=="],

    "@solana/transaction-confirmation": ["@solana/transaction-confirmation@2.3.0", "", { "dependencies": { "@solana/addresses": "2.3.0", "@solana/codecs-strings": "2.3.0", "@solana/errors": "2.3.0", "@solana/keys": "2.3.0", "@solana/promises": "2.3.0", "@solana/rpc": "2.3.0", "@solana/rpc-subscriptions": "2.3.0", "@solana/rpc-types": "2.3.0", "@solana/transaction-messages": "2.3.0", "@solana/transactions": "2.3.0" }, "peerDependencies": { "typescript": ">=5.3.3" } }, "sha512-UiEuiHCfAAZEKdfne/XljFNJbsKAe701UQHKXEInYzIgBjRbvaeYZlBmkkqtxwcasgBTOmEaEKT44J14N9VZDw=="],

    "@solana/transaction-messages": ["@solana/transaction-messages@2.3.0", "", { "dependencies": { "@solana/addresses": "2.3.0", "@solana/codecs-core": "2.3.0", "@solana/codecs-data-structures": "2.3.0", "@solana/codecs-numbers": "2.3.0", "@solana/errors": "2.3.0", "@solana/functional": "2.3.0", "@solana/instructions": "2.3.0", "@solana/nominal-types": "2.3.0", "@solana/rpc-types": "2.3.0" }, "peerDependencies": { "typescript": ">=5.3.3" } }, "sha512-bgqvWuy3MqKS5JdNLH649q+ngiyOu5rGS3DizSnWwYUd76RxZl1kN6CoqHSrrMzFMvis6sck/yPGG3wqrMlAww=="],

    "@solana/transactions": ["@solana/transactions@2.3.0", "", { "dependencies": { "@solana/addresses": "2.3.0", "@solana/codecs-core": "2.3.0", "@solana/codecs-data-structures": "2.3.0", "@solana/codecs-numbers": "2.3.0", "@solana/codecs-strings": "2.3.0", "@solana/errors": "2.3.0", "@solana/functional": "2.3.0", "@solana/instructions": "2.3.0", "@solana/keys": "2.3.0", "@solana/nominal-types": "2.3.0", "@solana/rpc-types": "2.3.0", "@solana/transaction-messages": "2.3.0" }, "peerDependencies": { "typescript": ">=5.3.3" } }, "sha512-LnTvdi8QnrQtuEZor5Msje61sDpPstTVwKg4y81tNxDhiyomjuvnSNLAq6QsB9gIxUqbNzPZgOG9IU4I4/Uaug=="],

    "@tokenizer/inflate": ["@tokenizer/inflate@0.2.7", "", { "dependencies": { "debug": "^4.4.0", "fflate": "^0.8.2", "token-types": "^6.0.0" } }, "sha512-MADQgmZT1eKjp06jpI2yozxaU9uVs4GzzgSL+uEq7bVcJ9V1ZXQkeGNql1fsSI0gMy1vhvNTNbUqrx+pZfJVmg=="],

    "@tokenizer/token": ["@tokenizer/token@0.3.0", "", {}, "sha512-OvjF+z51L3ov0OyAU0duzsYuvO01PH7x4t6DJx+guahgTnBHkhJdG7soQeTSFLWN3efnHyibZ4Z8l2EuWwJN3A=="],

    "@types/node": ["@types/node@24.3.0", "", { "dependencies": { "undici-types": "~7.10.0" } }, "sha512-aPTXCrfwnDLj4VvXrm+UUCQjNEvJgNA8s5F1cvwQU+3KNltTOkBm1j30uNLyqqPNe7gE3KFzImYoZEfLhp4Yow=="],

    "@types/react": ["@types/react@19.1.12", "", { "dependencies": { "csstype": "^3.0.2" } }, "sha512-cMoR+FoAf/Jyq6+Df2/Z41jISvGZZ2eTlnsaJRptmZ76Caldwy1odD4xTr/gNV9VLj0AWgg/nmkevIyUfIIq5w=="],

    "bignumber.js": ["bignumber.js@9.3.1", "", {}, "sha512-Ko0uX15oIUS7wJ3Rb30Fs6SkVbLmPBAKdlm7q9+ak9bbIeFf0MwuBsQV6z7+X768/cHsfg+WlysDWJcmthjsjQ=="],

    "bun-types": ["bun-types@1.2.21", "", { "dependencies": { "@types/node": "*" }, "peerDependencies": { "@types/react": "^19" } }, "sha512-sa2Tj77Ijc/NTLS0/Odjq/qngmEPZfbfnOERi0KRUYhT9R8M4VBioWVmMWE5GrYbKMc+5lVybXygLdibHaqVqw=="],

    "chalk": ["chalk@5.6.0", "", {}, "sha512-46QrSQFyVSEyYAgQ22hQ+zDa60YHA4fBstHmtSApj1Y5vKtG27fWowW03jCk5KcbXEWPZUIR894aARCA/G1kfQ=="],

    "commander": ["commander@14.0.0", "", {}, "sha512-2uM9rYjPvyq39NwLRqaiLtWHyDC1FvryJDa2ATTVims5YAS4PupsEQsDvP14FqhFr0P49CYDugi59xaxJlTXRA=="],

    "cookie": ["cookie@1.0.2", "", {}, "sha512-9Kr/j4O16ISv8zBBhJoi4bXOYNTkFLOqSL3UDB0njXxCXNezjeyVrJyGOWtgfs/q2km1gwBcfH8q1yEGoMYunA=="],

    "csstype": ["csstype@3.1.3", "", {}, "sha512-M1uQkMl8rQK/szD0LNhtqxIPLpimGm8sOBwU7lLnCpSbTyY3yeU1Vc7l4KT5zT4s/yOxHH5O7tIuuLOCnLADRw=="],

    "debug": ["debug@4.4.1", "", { "dependencies": { "ms": "^2.1.3" } }, "sha512-KcKCqiftBJcZr++7ykoDIEwSa3XWowTfNPo92BYxjXiyYEVrUQh2aLyhxBCwww+heortUFxEJYcRzosstTEBYQ=="],

    "elysia": ["elysia@1.3.20", "", { "dependencies": { "cookie": "^1.0.2", "exact-mirror": "0.1.6", "fast-decode-uri-component": "^1.0.1" }, "optionalDependencies": { "@sinclair/typebox": "^0.34.33", "openapi-types": "^12.1.3" }, "peerDependencies": { "file-type": ">= 20.0.0", "typescript": ">= 5.0.0" } }, "sha512-7j2w/1NALKu1KOPDFEIKaSLZ2gcL92Ij/POssDOglZO04rFFQ3unvBjUVYTrMMKbDn+/tLd5OXuSUztK+pcEtQ=="],

    "exact-mirror": ["exact-mirror@0.1.6", "", { "peerDependencies": { "@sinclair/typebox": "^0.34.15" }, "optionalPeers": ["@sinclair/typebox"] }, "sha512-EXGDixoDotCGrXCce63zmGHDA+3Id6PPkIwshBHuB10dwVc4YV4gfaYLuysHOxyURmwyt4UL186ann0oYa2CFQ=="],

    "fast-decode-uri-component": ["fast-decode-uri-component@1.0.1", "", {}, "sha512-WKgKWg5eUxvRZGwW8FvfbaH7AXSh2cL+3j5fMGzUMCxWBJ3dV3a7Wz8y2f/uQ0e3B6WmodD3oS54jTQ9HVTIIg=="],

    "fastestsmallesttextencoderdecoder": ["fastestsmallesttextencoderdecoder@1.0.22", "", {}, "sha512-Pb8d48e+oIuY4MaM64Cd7OW1gt4nxCHs7/ddPPZ/Ic3sg8yVGM7O9wDvZ7us6ScaUupzM+pfBolwtYhN1IxBIw=="],

    "fflate": ["fflate@0.8.2", "", {}, "sha512-cPJU47OaAoCbg0pBvzsgpTPhmhqI5eJjh/JIu8tPj5q+T7iLvW/JAYUqmE7KOB4R1ZyEhzBaIQpQpardBF5z8A=="],

    "file-type": ["file-type@21.0.0", "", { "dependencies": { "@tokenizer/inflate": "^0.2.7", "strtok3": "^10.2.2", "token-types": "^6.0.0", "uint8array-extras": "^1.4.0" } }, "sha512-ek5xNX2YBYlXhiUXui3D/BXa3LdqPmoLJ7rqEx2bKJ7EAUEfmXgW0Das7Dc6Nr9MvqaOnIqiPV0mZk/r/UpNAg=="],

    "ieee754": ["ieee754@1.2.1", "", {}, "sha512-dcyqhDvX1C46lXZcVqCpK+FtMRQVdIMN6/Df5js2zouUsqG7I6sFxitIC+7KYK29KdXOLHdu9zL4sFnoVQnqaA=="],

    "ms": ["ms@2.1.3", "", {}, "sha512-6FlzubTLZG3J2a/NVCAleEhjzq5oxgHyaCU9yYXvcLsvoVaHJq/s5xXI6/XXP6tz7R9xAOtHnSO/tXtF3WRTlA=="],

    "openapi-types": ["openapi-types@12.1.3", "", {}, "sha512-N4YtSYJqghVu4iek2ZUvcN/0aqH1kRDuNqzcycDxhOUpg7GdvLa2F3DgS6yBNhInhv2r/6I0Flkn7CqL8+nIcw=="],

    "strtok3": ["strtok3@10.3.4", "", { "dependencies": { "@tokenizer/token": "^0.3.0" } }, "sha512-KIy5nylvC5le1OdaaoCJ07L+8iQzJHGH6pWDuzS+d07Cu7n1MZ2x26P8ZKIWfbK02+XIL8Mp4RkWeqdUCrDMfg=="],

    "token-types": ["token-types@6.1.1", "", { "dependencies": { "@borewit/text-codec": "^0.1.0", "@tokenizer/token": "^0.3.0", "ieee754": "^1.2.1" } }, "sha512-kh9LVIWH5CnL63Ipf0jhlBIy0UsrMj/NJDfpsy1SqOXlLKEVyXXYrnFxFT1yOOYVGBSApeVnjPw/sBz5BfEjAQ=="],

    "typescript": ["typescript@5.9.2", "", { "bin": { "tsc": "bin/tsc", "tsserver": "bin/tsserver" } }, "sha512-CWBzXQrc/qOkhidw1OzBTQuYRbfyxDXJMVJ1XNwUHGROVmuaeiEm3OslpZ1RV96d7SKKjZKrSJu3+t/xlw3R9A=="],

    "uint8array-extras": ["uint8array-extras@1.5.0", "", {}, "sha512-rvKSBiC5zqCCiDZ9kAOszZcDvdAHwwIKJG33Ykj43OKcWsnmcBRL09YTU4nOeHZ8Y2a7l1MgTd08SBe9A8Qj6A=="],

    "undici-types": ["undici-types@7.10.0", "", {}, "sha512-t5Fy/nfn+14LuOc2KNYg75vZqClpAiqscVvMygNnlsHBFpSXdJaYtXMcdNLpl/Qvc3P2cB3s6lOV51nqsFq4ag=="],

    "ws": ["ws@8.18.3", "", { "peerDependencies": { "bufferutil": "^4.0.1", "utf-8-validate": ">=5.0.2" }, "optionalPeers": ["bufferutil", "utf-8-validate"] }, "sha512-PEIGCY5tSlUt50cqyMXfCzX+oOPqN0vuGqWzbcJ2xvnkzkq46oOpz7dQaTDBdfICb4N14+GARUDw2XV2N4tvzg=="],

    "@solana/rpc-transport-http/undici-types": ["undici-types@7.15.0", "", {}, "sha512-Xyn5T99wU4kPhLZMm+ElE6M+IoSeG8Se7eG9xoZ82ZgVHJ07wb/IWcDZeXe2GOPkavcJ8ko5oSlXMDRl/QgY9Q=="],
  }
}
